
Microsoft Visual Studio Solution File, Format Version 11.00
# Visual Studio 2010
Project("{F184B08F-C81C-45F6-A57F-5ABD9991F28F}") = "Literquellen-Module", "Literquellen-Module\Literquellen-Module.vbproj", "{8D7DA098-6AFD-4AD6-81B5-F47EC594B836}"
EndProject
Global
	GlobalSection(SolutionConfigurationPlatforms) = preSolution
		Debug|Any CPU = Debug|Any CPU
		Debug|Mixed Platforms = Debug|Mixed Platforms
		Debug|x86 = Debug|x86
		Release|Any CPU = Release|Any CPU
		Release|Mixed Platforms = Release|Mixed Platforms
		Release|x86 = Release|x86
	EndGlobalSection
	GlobalSection(ProjectConfigurationPlatforms) = postSolution
		{8D7DA098-6AFD-4AD6-81B5-F47EC594B836}.Debug|Any CPU.ActiveCfg = Debug|x86
		{8D7DA098-6AFD-4AD6-81B5-F47EC594B836}.Debug|Mixed Platforms.ActiveCfg = Debug|x86
		{8D7DA098-6AFD-4AD6-81B5-F47EC594B836}.Debug|Mixed Platforms.Build.0 = Debug|x86
		{8D7DA098-6AFD-4AD6-81B5-F47EC594B836}.Debug|x86.ActiveCfg = Debug|x86
		{8D7DA098-6AFD-4AD6-81B5-F47EC594B836}.Debug|x86.Build.0 = Debug|x86
		{8D7DA098-6AFD-4AD6-81B5-F47EC594B836}.Release|Any CPU.ActiveCfg = Release|x86
		{8D7DA098-6AFD-4AD6-81B5-F47EC594B836}.Release|Mixed Platforms.ActiveCfg = Release|x86
		{8D7DA098-6AFD-4AD6-81B5-F47EC594B836}.Release|Mixed Platforms.Build.0 = Release|x86
		{8D7DA098-6AFD-4AD6-81B5-F47EC594B836}.Release|x86.ActiveCfg = Release|x86
		{8D7DA098-6AFD-4AD6-81B5-F47EC594B836}.Release|x86.Build.0 = Release|x86
	EndGlobalSection
	GlobalSection(SolutionProperties) = preSolution
		HideSolutionNode = FALSE
	EndGlobalSection
EndGlobal
