
Microsoft Visual Studio Solution File, Format Version 11.00
# Visual Studio 2010
Project("{F184B08F-C81C-45F6-A57F-5ABD9991F28F}") = "ElasticSearch_Connector_Module", "ElasticSearch_Connector_Module\ElasticSearch_Connector_Module.vbproj", "{AD8C39BB-CA90-4935-B49F-C3E061EAE3B1}"
EndProject
Global
	GlobalSection(SolutionConfigurationPlatforms) = preSolution
		Debug|x86 = Debug|x86
		Release|x86 = Release|x86
	EndGlobalSection
	GlobalSection(ProjectConfigurationPlatforms) = postSolution
		{AD8C39BB-CA90-4935-B49F-C3E061EAE3B1}.Debug|x86.ActiveCfg = Debug|x86
		{AD8C39BB-CA90-4935-B49F-C3E061EAE3B1}.Debug|x86.Build.0 = Debug|x86
		{AD8C39BB-CA90-4935-B49F-C3E061EAE3B1}.Release|x86.ActiveCfg = Release|x86
		{AD8C39BB-CA90-4935-B49F-C3E061EAE3B1}.Release|x86.Build.0 = Release|x86
	EndGlobalSection
	GlobalSection(SolutionProperties) = preSolution
		HideSolutionNode = FALSE
	EndGlobalSection
EndGlobal
